
Microsoft Visual Studio Solution File, Format Version 12.00
# Visual Studio Version 16
VisualStudioVersion = 16.0.29123.88
MinimumVisualStudioVersion = 10.0.40219.1
Project("{FAE04EC0-301F-11D3-BF4B-00C04F79EFBC}") = "Lab7-Parrallel Arrays", "Lab7-Parrallel Arrays\Lab7-Parrallel Arrays.csproj", "{6BF8E6F4-1769-4A77-A0A5-77EE3D69BFCC}"
EndProject
Global
	GlobalSection(SolutionConfigurationPlatforms) = preSolution
		Debug|Any CPU = Debug|Any CPU
		Release|Any CPU = Release|Any CPU
	EndGlobalSection
	GlobalSection(ProjectConfigurationPlatforms) = postSolution
		{6BF8E6F4-1769-4A77-A0A5-77EE3D69BFCC}.Debug|Any CPU.ActiveCfg = Debug|Any CPU
		{6BF8E6F4-1769-4A77-A0A5-77EE3D69BFCC}.Debug|Any CPU.Build.0 = Debug|Any CPU
		{6BF8E6F4-1769-4A77-A0A5-77EE3D69BFCC}.Release|Any CPU.ActiveCfg = Release|Any CPU
		{6BF8E6F4-1769-4A77-A0A5-77EE3D69BFCC}.Release|Any CPU.Build.0 = Release|Any CPU
	EndGlobalSection
	GlobalSection(SolutionProperties) = preSolution
		HideSolutionNode = FALSE
	EndGlobalSection
	GlobalSection(ExtensibilityGlobals) = postSolution
		SolutionGuid = {353DA7E9-8439-4195-B860-78B271286174}
	EndGlobalSection
EndGlobal
