
Microsoft Visual Studio Solution File, Format Version 12.00
# Visual Studio Version 16
VisualStudioVersion = 16.0.29123.88
MinimumVisualStudioVersion = 10.0.40219.1
Project("{FAE04EC0-301F-11D3-BF4B-00C04F79EFBC}") = "Giraffe", "Giraffe\Giraffe.csproj", "{4C1B66EF-3231-4689-AE1E-E54FAB76C7D4}"
EndProject
Global
	GlobalSection(SolutionConfigurationPlatforms) = preSolution
		Debug|Any CPU = Debug|Any CPU
		Release|Any CPU = Release|Any CPU
	EndGlobalSection
	GlobalSection(ProjectConfigurationPlatforms) = postSolution
		{4C1B66EF-3231-4689-AE1E-E54FAB76C7D4}.Debug|Any CPU.ActiveCfg = Debug|Any CPU
		{4C1B66EF-3231-4689-AE1E-E54FAB76C7D4}.Debug|Any CPU.Build.0 = Debug|Any CPU
		{4C1B66EF-3231-4689-AE1E-E54FAB76C7D4}.Release|Any CPU.ActiveCfg = Release|Any CPU
		{4C1B66EF-3231-4689-AE1E-E54FAB76C7D4}.Release|Any CPU.Build.0 = Release|Any CPU
	EndGlobalSection
	GlobalSection(SolutionProperties) = preSolution
		HideSolutionNode = FALSE
	EndGlobalSection
	GlobalSection(ExtensibilityGlobals) = postSolution
		SolutionGuid = {ACF2C15F-C009-4610-8C31-1672933A72C7}
	EndGlobalSection
EndGlobal
