
Microsoft Visual Studio Solution File, Format Version 12.00
# Visual Studio Version 16
VisualStudioVersion = 16.0.29215.179
MinimumVisualStudioVersion = 10.0.40219.1
Project("{FAE04EC0-301F-11D3-BF4B-00C04F79EFBC}") = "WebApplication1", "WebApplication1\WebApplication1.csproj", "{3C43888C-3E95-442D-903B-5DE27650713B}"
EndProject
Global
	GlobalSection(SolutionConfigurationPlatforms) = preSolution
		Debug|Any CPU = Debug|Any CPU
		Release|Any CPU = Release|Any CPU
	EndGlobalSection
	GlobalSection(ProjectConfigurationPlatforms) = postSolution
		{3C43888C-3E95-442D-903B-5DE27650713B}.Debug|Any CPU.ActiveCfg = Debug|Any CPU
		{3C43888C-3E95-442D-903B-5DE27650713B}.Debug|Any CPU.Build.0 = Debug|Any CPU
		{3C43888C-3E95-442D-903B-5DE27650713B}.Release|Any CPU.ActiveCfg = Release|Any CPU
		{3C43888C-3E95-442D-903B-5DE27650713B}.Release|Any CPU.Build.0 = Release|Any CPU
	EndGlobalSection
	GlobalSection(SolutionProperties) = preSolution
		HideSolutionNode = FALSE
	EndGlobalSection
	GlobalSection(ExtensibilityGlobals) = postSolution
		SolutionGuid = {21AF8FC3-BF3A-44A1-B056-C5E2B577EC53}
	EndGlobalSection
EndGlobal
