
Microsoft Visual Studio Solution File, Format Version 12.00
# Visual Studio Version 16
VisualStudioVersion = 16.0.29123.88
MinimumVisualStudioVersion = 10.0.40219.1
<<<<<<< HEAD:Array2/Array2.sln
Project("{FAE04EC0-301F-11D3-BF4B-00C04F79EFBC}") = "Array2", "Array2\Array2.csproj", "{9B201325-83B3-4874-B3AC-85550C0257BC}"
=======
Project("{FAE04EC0-301F-11D3-BF4B-00C04F79EFBC}") = "Fibonacci", "Fibonacci\Fibonacci.csproj", "{39723BF8-4C91-4948-A5D6-5A7AEBCDC00A}"
>>>>>>> 25b696e69d7bac0df77db1b587018b9d8d920af9:Fibonacci/Fibonacci.sln
EndProject
Global
	GlobalSection(SolutionConfigurationPlatforms) = preSolution
		Debug|Any CPU = Debug|Any CPU
		Release|Any CPU = Release|Any CPU
	EndGlobalSection
	GlobalSection(ProjectConfigurationPlatforms) = postSolution
<<<<<<< HEAD:Array2/Array2.sln
		{9B201325-83B3-4874-B3AC-85550C0257BC}.Debug|Any CPU.ActiveCfg = Debug|Any CPU
		{9B201325-83B3-4874-B3AC-85550C0257BC}.Debug|Any CPU.Build.0 = Debug|Any CPU
		{9B201325-83B3-4874-B3AC-85550C0257BC}.Release|Any CPU.ActiveCfg = Release|Any CPU
		{9B201325-83B3-4874-B3AC-85550C0257BC}.Release|Any CPU.Build.0 = Release|Any CPU
=======
		{39723BF8-4C91-4948-A5D6-5A7AEBCDC00A}.Debug|Any CPU.ActiveCfg = Debug|Any CPU
		{39723BF8-4C91-4948-A5D6-5A7AEBCDC00A}.Debug|Any CPU.Build.0 = Debug|Any CPU
		{39723BF8-4C91-4948-A5D6-5A7AEBCDC00A}.Release|Any CPU.ActiveCfg = Release|Any CPU
		{39723BF8-4C91-4948-A5D6-5A7AEBCDC00A}.Release|Any CPU.Build.0 = Release|Any CPU
>>>>>>> 25b696e69d7bac0df77db1b587018b9d8d920af9:Fibonacci/Fibonacci.sln
	EndGlobalSection
	GlobalSection(SolutionProperties) = preSolution
		HideSolutionNode = FALSE
	EndGlobalSection
	GlobalSection(ExtensibilityGlobals) = postSolution
<<<<<<< HEAD:Array2/Array2.sln
		SolutionGuid = {FE641AE2-8E44-4802-AC28-9975E26AA873}
=======
		SolutionGuid = {626917C7-1B30-4985-BF51-F2F5D48A751B}
>>>>>>> 25b696e69d7bac0df77db1b587018b9d8d920af9:Fibonacci/Fibonacci.sln
	EndGlobalSection
EndGlobal
