
Microsoft Visual Studio Solution File, Format Version 12.00
# Visual Studio Version 16
VisualStudioVersion = 16.0.29123.88
MinimumVisualStudioVersion = 10.0.40219.1
Project("{FAE04EC0-301F-11D3-BF4B-00C04F79EFBC}") = "Hello_World", "Hello_World\Hello_World.csproj", "{529F0509-8C94-44E1-AC17-899EA073E87A}"
EndProject
Global
	GlobalSection(SolutionConfigurationPlatforms) = preSolution
		Debug|Any CPU = Debug|Any CPU
		Release|Any CPU = Release|Any CPU
	EndGlobalSection
	GlobalSection(ProjectConfigurationPlatforms) = postSolution
		{529F0509-8C94-44E1-AC17-899EA073E87A}.Debug|Any CPU.ActiveCfg = Debug|Any CPU
		{529F0509-8C94-44E1-AC17-899EA073E87A}.Debug|Any CPU.Build.0 = Debug|Any CPU
		{529F0509-8C94-44E1-AC17-899EA073E87A}.Release|Any CPU.ActiveCfg = Release|Any CPU
		{529F0509-8C94-44E1-AC17-899EA073E87A}.Release|Any CPU.Build.0 = Release|Any CPU
	EndGlobalSection
	GlobalSection(SolutionProperties) = preSolution
		HideSolutionNode = FALSE
	EndGlobalSection
	GlobalSection(ExtensibilityGlobals) = postSolution
		SolutionGuid = {E83A67C1-3C68-4171-B016-C747C5D2CEDB}
	EndGlobalSection
EndGlobal
