
Microsoft Visual Studio Solution File, Format Version 12.00
# Visual Studio Version 16
VisualStudioVersion = 16.0.29209.62
MinimumVisualStudioVersion = 10.0.40219.1
Project("{FAE04EC0-301F-11D3-BF4B-00C04F79EFBC}") = "StringArray", "StringArray\StringArray.csproj", "{4B3BF3FC-B110-4A26-88C9-E31826758978}"
EndProject
Global
	GlobalSection(SolutionConfigurationPlatforms) = preSolution
		Debug|Any CPU = Debug|Any CPU
		Release|Any CPU = Release|Any CPU
	EndGlobalSection
	GlobalSection(ProjectConfigurationPlatforms) = postSolution
		{4B3BF3FC-B110-4A26-88C9-E31826758978}.Debug|Any CPU.ActiveCfg = Debug|Any CPU
		{4B3BF3FC-B110-4A26-88C9-E31826758978}.Debug|Any CPU.Build.0 = Debug|Any CPU
		{4B3BF3FC-B110-4A26-88C9-E31826758978}.Release|Any CPU.ActiveCfg = Release|Any CPU
		{4B3BF3FC-B110-4A26-88C9-E31826758978}.Release|Any CPU.Build.0 = Release|Any CPU
	EndGlobalSection
	GlobalSection(SolutionProperties) = preSolution
		HideSolutionNode = FALSE
	EndGlobalSection
	GlobalSection(ExtensibilityGlobals) = postSolution
		SolutionGuid = {F80F7793-DAD4-4C44-A885-A39BC815F7AB}
	EndGlobalSection
EndGlobal
