
Microsoft Visual Studio Solution File, Format Version 12.00
# Visual Studio Version 16
VisualStudioVersion = 16.0.29123.88
MinimumVisualStudioVersion = 10.0.40219.1
Project("{FAE04EC0-301F-11D3-BF4B-00C04F79EFBC}") = "Lab 2 Calculate Batting Average", "Lab 2 Calculate Batting Average\Lab 2 Calculate Batting Average.csproj", "{AF105F6B-E0CD-4B35-860E-CC501947A535}"
EndProject
Global
	GlobalSection(SolutionConfigurationPlatforms) = preSolution
		Debug|Any CPU = Debug|Any CPU
		Release|Any CPU = Release|Any CPU
	EndGlobalSection
	GlobalSection(ProjectConfigurationPlatforms) = postSolution
		{AF105F6B-E0CD-4B35-860E-CC501947A535}.Debug|Any CPU.ActiveCfg = Debug|Any CPU
		{AF105F6B-E0CD-4B35-860E-CC501947A535}.Debug|Any CPU.Build.0 = Debug|Any CPU
		{AF105F6B-E0CD-4B35-860E-CC501947A535}.Release|Any CPU.ActiveCfg = Release|Any CPU
		{AF105F6B-E0CD-4B35-860E-CC501947A535}.Release|Any CPU.Build.0 = Release|Any CPU
	EndGlobalSection
	GlobalSection(SolutionProperties) = preSolution
		HideSolutionNode = FALSE
	EndGlobalSection
	GlobalSection(ExtensibilityGlobals) = postSolution
		SolutionGuid = {49A1E23C-C249-4691-97E2-2FF1FFFE3B80}
	EndGlobalSection
EndGlobal
