
Microsoft Visual Studio Solution File, Format Version 12.00
# Visual Studio Version 16
VisualStudioVersion = 16.0.29123.88
MinimumVisualStudioVersion = 10.0.40219.1
Project("{FAE04EC0-301F-11D3-BF4B-00C04F79EFBC}") = "ConsoleAppGCD", "ConsoleAppGCD\ConsoleAppGCD.csproj", "{A322074A-9516-4786-A0E5-FE950CBEBA23}"
EndProject
Project("{FAE04EC0-301F-11D3-BF4B-00C04F79EFBC}") = "ConsoleAppLoop", "..\ConsoleAppLoop\ConsoleAppLoop.csproj", "{AEAF3C7A-FB4B-4AC0-8757-D683D3E924FA}"
EndProject
Project("{FAE04EC0-301F-11D3-BF4B-00C04F79EFBC}") = "ConsoleAppStringArray", "..\ConsoleAppStringArray\ConsoleAppStringArray.csproj", "{0151755D-3CD0-4BD7-A8D3-F4613873FF7F}"
EndProject
Global
	GlobalSection(SolutionConfigurationPlatforms) = preSolution
		Debug|Any CPU = Debug|Any CPU
		Release|Any CPU = Release|Any CPU
	EndGlobalSection
	GlobalSection(ProjectConfigurationPlatforms) = postSolution
		{A322074A-9516-4786-A0E5-FE950CBEBA23}.Debug|Any CPU.ActiveCfg = Debug|Any CPU
		{A322074A-9516-4786-A0E5-FE950CBEBA23}.Debug|Any CPU.Build.0 = Debug|Any CPU
		{A322074A-9516-4786-A0E5-FE950CBEBA23}.Release|Any CPU.ActiveCfg = Release|Any CPU
		{A322074A-9516-4786-A0E5-FE950CBEBA23}.Release|Any CPU.Build.0 = Release|Any CPU
		{AEAF3C7A-FB4B-4AC0-8757-D683D3E924FA}.Debug|Any CPU.ActiveCfg = Debug|Any CPU
		{AEAF3C7A-FB4B-4AC0-8757-D683D3E924FA}.Debug|Any CPU.Build.0 = Debug|Any CPU
		{AEAF3C7A-FB4B-4AC0-8757-D683D3E924FA}.Release|Any CPU.ActiveCfg = Release|Any CPU
		{AEAF3C7A-FB4B-4AC0-8757-D683D3E924FA}.Release|Any CPU.Build.0 = Release|Any CPU
		{0151755D-3CD0-4BD7-A8D3-F4613873FF7F}.Debug|Any CPU.ActiveCfg = Debug|Any CPU
		{0151755D-3CD0-4BD7-A8D3-F4613873FF7F}.Debug|Any CPU.Build.0 = Debug|Any CPU
		{0151755D-3CD0-4BD7-A8D3-F4613873FF7F}.Release|Any CPU.ActiveCfg = Release|Any CPU
		{0151755D-3CD0-4BD7-A8D3-F4613873FF7F}.Release|Any CPU.Build.0 = Release|Any CPU
	EndGlobalSection
	GlobalSection(SolutionProperties) = preSolution
		HideSolutionNode = FALSE
	EndGlobalSection
	GlobalSection(ExtensibilityGlobals) = postSolution
		SolutionGuid = {9CE6CEBF-273F-4ED3-B21A-0A310B824AEF}
	EndGlobalSection
EndGlobal
