
Microsoft Visual Studio Solution File, Format Version 12.00
# Visual Studio Version 16
VisualStudioVersion = 16.0.29209.62
MinimumVisualStudioVersion = 10.0.40219.1
Project("{FAE04EC0-301F-11D3-BF4B-00C04F79EFBC}") = "CalAverMethod", "CalAverMethod\CalAverMethod.csproj", "{981D5E92-DA91-4033-9EB1-4D662E042C95}"
EndProject
Global
	GlobalSection(SolutionConfigurationPlatforms) = preSolution
		Debug|Any CPU = Debug|Any CPU
		Release|Any CPU = Release|Any CPU
	EndGlobalSection
	GlobalSection(ProjectConfigurationPlatforms) = postSolution
		{981D5E92-DA91-4033-9EB1-4D662E042C95}.Debug|Any CPU.ActiveCfg = Debug|Any CPU
		{981D5E92-DA91-4033-9EB1-4D662E042C95}.Debug|Any CPU.Build.0 = Debug|Any CPU
		{981D5E92-DA91-4033-9EB1-4D662E042C95}.Release|Any CPU.ActiveCfg = Release|Any CPU
		{981D5E92-DA91-4033-9EB1-4D662E042C95}.Release|Any CPU.Build.0 = Release|Any CPU
	EndGlobalSection
	GlobalSection(SolutionProperties) = preSolution
		HideSolutionNode = FALSE
	EndGlobalSection
	GlobalSection(ExtensibilityGlobals) = postSolution
		SolutionGuid = {6E0CA45D-7371-454D-9C6E-03735BE771A1}
	EndGlobalSection
EndGlobal
