
Microsoft Visual Studio Solution File, Format Version 12.00
# Visual Studio Version 16
VisualStudioVersion = 16.0.29230.47
MinimumVisualStudioVersion = 10.0.40219.1
Project("{FAE04EC0-301F-11D3-BF4B-00C04F79EFBC}") = "WebApplicationMusicStore", "WebApplicationMusicStore.csproj", "{D0A92C09-5ED4-460D-99ED-D57E23CFD5D6}"
EndProject
Global
	GlobalSection(SolutionConfigurationPlatforms) = preSolution
		Debug|Any CPU = Debug|Any CPU
		Release|Any CPU = Release|Any CPU
	EndGlobalSection
	GlobalSection(ProjectConfigurationPlatforms) = postSolution
		{D0A92C09-5ED4-460D-99ED-D57E23CFD5D6}.Debug|Any CPU.ActiveCfg = Debug|Any CPU
		{D0A92C09-5ED4-460D-99ED-D57E23CFD5D6}.Debug|Any CPU.Build.0 = Debug|Any CPU
		{D0A92C09-5ED4-460D-99ED-D57E23CFD5D6}.Release|Any CPU.ActiveCfg = Release|Any CPU
		{D0A92C09-5ED4-460D-99ED-D57E23CFD5D6}.Release|Any CPU.Build.0 = Release|Any CPU
	EndGlobalSection
	GlobalSection(SolutionProperties) = preSolution
		HideSolutionNode = FALSE
	EndGlobalSection
	GlobalSection(ExtensibilityGlobals) = postSolution
		SolutionGuid = {88D6D3C8-CC6A-436B-90C3-8480D39CB87A}
	EndGlobalSection
EndGlobal
