
Microsoft Visual Studio Solution File, Format Version 12.00
# Visual Studio Version 16
VisualStudioVersion = 16.0.29209.62
MinimumVisualStudioVersion = 10.0.40219.1
Project("{FAE04EC0-301F-11D3-BF4B-00C04F79EFBC}") = "ConsoleAppStreamReader", "ConsoleAppStreamReader\ConsoleAppStreamReader.csproj", "{0F647885-A4E2-4DCB-86CB-1EF1918F5047}"
EndProject
Global
	GlobalSection(SolutionConfigurationPlatforms) = preSolution
		Debug|Any CPU = Debug|Any CPU
		Release|Any CPU = Release|Any CPU
	EndGlobalSection
	GlobalSection(ProjectConfigurationPlatforms) = postSolution
		{0F647885-A4E2-4DCB-86CB-1EF1918F5047}.Debug|Any CPU.ActiveCfg = Debug|Any CPU
		{0F647885-A4E2-4DCB-86CB-1EF1918F5047}.Debug|Any CPU.Build.0 = Debug|Any CPU
		{0F647885-A4E2-4DCB-86CB-1EF1918F5047}.Release|Any CPU.ActiveCfg = Release|Any CPU
		{0F647885-A4E2-4DCB-86CB-1EF1918F5047}.Release|Any CPU.Build.0 = Release|Any CPU
	EndGlobalSection
	GlobalSection(SolutionProperties) = preSolution
		HideSolutionNode = FALSE
	EndGlobalSection
	GlobalSection(ExtensibilityGlobals) = postSolution
		SolutionGuid = {2E51B9AE-7573-4AC2-B074-3C88821C0883}
	EndGlobalSection
EndGlobal
