
Microsoft Visual Studio Solution File, Format Version 12.00
# Visual Studio Version 16
VisualStudioVersion = 16.0.29123.88
MinimumVisualStudioVersion = 10.0.40219.1
Project("{FAE04EC0-301F-11D3-BF4B-00C04F79EFBC}") = "Homework Day 2_Conditional Practice", "Homework Day 2_Conditional Practice\Homework Day 2_Conditional Practice.csproj", "{B8C242DB-0D5D-48E0-92DC-15DB5A6FB245}"
EndProject
Global
	GlobalSection(SolutionConfigurationPlatforms) = preSolution
		Debug|Any CPU = Debug|Any CPU
		Release|Any CPU = Release|Any CPU
	EndGlobalSection
	GlobalSection(ProjectConfigurationPlatforms) = postSolution
		{B8C242DB-0D5D-48E0-92DC-15DB5A6FB245}.Debug|Any CPU.ActiveCfg = Debug|Any CPU
		{B8C242DB-0D5D-48E0-92DC-15DB5A6FB245}.Debug|Any CPU.Build.0 = Debug|Any CPU
		{B8C242DB-0D5D-48E0-92DC-15DB5A6FB245}.Release|Any CPU.ActiveCfg = Release|Any CPU
		{B8C242DB-0D5D-48E0-92DC-15DB5A6FB245}.Release|Any CPU.Build.0 = Release|Any CPU
	EndGlobalSection
	GlobalSection(SolutionProperties) = preSolution
		HideSolutionNode = FALSE
	EndGlobalSection
	GlobalSection(ExtensibilityGlobals) = postSolution
		SolutionGuid = {A73D8EB2-DF9D-492D-BEB7-9C532EEE4C92}
	EndGlobalSection
EndGlobal
