
Microsoft Visual Studio Solution File, Format Version 12.00
# Visual Studio Version 16
VisualStudioVersion = 16.0.29123.88
MinimumVisualStudioVersion = 10.0.40219.1
Project("{FAE04EC0-301F-11D3-BF4B-00C04F79EFBC}") = "TestHelloWorld", "TestHelloWorld\TestHelloWorld.csproj", "{9AEDEF82-128A-4226-A9E8-D7B3A9F11CCA}"
EndProject
Global
	GlobalSection(SolutionConfigurationPlatforms) = preSolution
		Debug|Any CPU = Debug|Any CPU
		Release|Any CPU = Release|Any CPU
	EndGlobalSection
	GlobalSection(ProjectConfigurationPlatforms) = postSolution
		{9AEDEF82-128A-4226-A9E8-D7B3A9F11CCA}.Debug|Any CPU.ActiveCfg = Debug|Any CPU
		{9AEDEF82-128A-4226-A9E8-D7B3A9F11CCA}.Debug|Any CPU.Build.0 = Debug|Any CPU
		{9AEDEF82-128A-4226-A9E8-D7B3A9F11CCA}.Release|Any CPU.ActiveCfg = Release|Any CPU
		{9AEDEF82-128A-4226-A9E8-D7B3A9F11CCA}.Release|Any CPU.Build.0 = Release|Any CPU
	EndGlobalSection
	GlobalSection(SolutionProperties) = preSolution
		HideSolutionNode = FALSE
	EndGlobalSection
	GlobalSection(ExtensibilityGlobals) = postSolution
		SolutionGuid = {FDD3237D-C0B1-46AE-BEFE-859DE10D3778}
	EndGlobalSection
EndGlobal
