
Microsoft Visual Studio Solution File, Format Version 12.00
# Visual Studio Version 16
VisualStudioVersion = 16.0.29209.62
MinimumVisualStudioVersion = 10.0.40219.1
Project("{FAE04EC0-301F-11D3-BF4B-00C04F79EFBC}") = "CommandPrompt", "CommandPromp\CommandPrompt.csproj", "{3D8E66C9-0759-475C-AE7B-A465B2A81CAA}"
EndProject
Global
	GlobalSection(SolutionConfigurationPlatforms) = preSolution
		Debug|Any CPU = Debug|Any CPU
		Release|Any CPU = Release|Any CPU
	EndGlobalSection
	GlobalSection(ProjectConfigurationPlatforms) = postSolution
		{3D8E66C9-0759-475C-AE7B-A465B2A81CAA}.Debug|Any CPU.ActiveCfg = Debug|Any CPU
		{3D8E66C9-0759-475C-AE7B-A465B2A81CAA}.Debug|Any CPU.Build.0 = Debug|Any CPU
		{3D8E66C9-0759-475C-AE7B-A465B2A81CAA}.Release|Any CPU.ActiveCfg = Release|Any CPU
		{3D8E66C9-0759-475C-AE7B-A465B2A81CAA}.Release|Any CPU.Build.0 = Release|Any CPU
	EndGlobalSection
	GlobalSection(SolutionProperties) = preSolution
		HideSolutionNode = FALSE
	EndGlobalSection
	GlobalSection(ExtensibilityGlobals) = postSolution
		SolutionGuid = {A551342A-4961-45A3-9A78-5293B317552D}
	EndGlobalSection
EndGlobal
